{
  "name": "codex-context-init",
  "version": "0.1.0",
  "lockfileVersion": 3,
  "requires": true,
  "packages": {
    "": {
      "name": "codex-context-init",
      "version": "0.1.0",
      "license": "MIT",
      "bin": {
        "codex-context-init": "bin/codex-context-init.js"
      },
      "engines": {
        "vscode": "^1.80.0"
      }
    }
  }
}
